
Microsoft Visual Studio Solution File, Format Version 12.00
# Visual Studio 15
VisualStudioVersion = 15.0.28307.960
MinimumVisualStudioVersion = 10.0.40219.1
Project("{F184B08F-C81C-45F6-A57F-5ABD9991F28F}") = "BookPOS", "BookPOS\BookPOS.vbproj", "{BA9E71FC-3E90-434F-9E27-FA6D5D01221C}"
EndProject
Global
	GlobalSection(SolutionConfigurationPlatforms) = preSolution
		Debug|Any CPU = Debug|Any CPU
		Release|Any CPU = Release|Any CPU
	EndGlobalSection
	GlobalSection(ProjectConfigurationPlatforms) = postSolution
		{BA9E71FC-3E90-434F-9E27-FA6D5D01221C}.Debug|Any CPU.ActiveCfg = Debug|Any CPU
		{BA9E71FC-3E90-434F-9E27-FA6D5D01221C}.Debug|Any CPU.Build.0 = Debug|Any CPU
		{BA9E71FC-3E90-434F-9E27-FA6D5D01221C}.Release|Any CPU.ActiveCfg = Release|Any CPU
		{BA9E71FC-3E90-434F-9E27-FA6D5D01221C}.Release|Any CPU.Build.0 = Release|Any CPU
	EndGlobalSection
	GlobalSection(SolutionProperties) = preSolution
		HideSolutionNode = FALSE
	EndGlobalSection
	GlobalSection(ExtensibilityGlobals) = postSolution
		SolutionGuid = {DDCFAA5C-AE35-46E2-BBAC-07E023B03AB0}
	EndGlobalSection
EndGlobal
